# THIS IS AN AUTOGENERATED FILE. DO NOT EDIT THIS FILE DIRECTLY.
# yarn lockfile v1


csv-parse@^4.13.1:
  version "4.16.3"
  resolved "https://registry.yarnpkg.com/csv-parse/-/csv-parse-4.16.3.tgz#7ca624d517212ebc520a36873c3478fa66efbaf7"
  integrity sha512-cO1I/zmz4w2dcKHVvpCr7JVRu8/FymG5OEpmvsZYlccYolPBLoVGKUHgNoc4ZGkFeFlWGEDmMyBM+TTqRdW/wg==

fuzzyset@^0.8.0:
  version "1.0.7"
  resolved "https://registry.yarnpkg.com/fuzzyset/-/fuzzyset-1.0.7.tgz#dbef22072ab3315b0ded28a235c1006ec9abd3fe"
  integrity sha512-RjcvWPK6v+FHwierTqnjXjtF6fgZCOVucORlOt4ZEJRrHUqt4tRiCIzg1Zm0XMSAZGMTBCSHPx4IgdBH3m0VZg==
